
Microsoft Visual Studio Solution File, Format Version 12.00
# Visual Studio Version 17
VisualStudioVersion = 17.5.002.0
MinimumVisualStudioVersion = 10.0.40219.1
Project("{9A19103F-16F7-4668-BE54-9A1E7A4F7556}") = "practica 6", "practica 6.csproj", "{AABFE7C7-C23B-4DF5-BF5A-79520FF88A2D}"
EndProject
Global
	GlobalSection(SolutionConfigurationPlatforms) = preSolution
		Debug|Any CPU = Debug|Any CPU
		Release|Any CPU = Release|Any CPU
	EndGlobalSection
	GlobalSection(ProjectConfigurationPlatforms) = postSolution
		{AABFE7C7-C23B-4DF5-BF5A-79520FF88A2D}.Debug|Any CPU.ActiveCfg = Debug|Any CPU
		{AABFE7C7-C23B-4DF5-BF5A-79520FF88A2D}.Debug|Any CPU.Build.0 = Debug|Any CPU
		{AABFE7C7-C23B-4DF5-BF5A-79520FF88A2D}.Release|Any CPU.ActiveCfg = Release|Any CPU
		{AABFE7C7-C23B-4DF5-BF5A-79520FF88A2D}.Release|Any CPU.Build.0 = Release|Any CPU
	EndGlobalSection
	GlobalSection(SolutionProperties) = preSolution
		HideSolutionNode = FALSE
	EndGlobalSection
	GlobalSection(ExtensibilityGlobals) = postSolution
		SolutionGuid = {EABAD6CF-3660-4331-9F01-812A2688ADDE}
	EndGlobalSection
EndGlobal
